
Microsoft Visual Studio Solution File, Format Version 12.00
# Visual Studio Version 17
VisualStudioVersion = 17.14.35806.103 d17.14
MinimumVisualStudioVersion = 10.0.40219.1
Project("{FAE04EC0-301F-11D3-BF4B-00C04F79EFBC}") = "MarketAlly.ViewEngine", "MarketAlly.ViewEngine\MarketAlly.ViewEngine.csproj", "{843B8BE4-97FD-4A09-88FA-C86D26FAA5DF}"
EndProject
Global
	GlobalSection(SolutionConfigurationPlatforms) = preSolution
		Debug|Any CPU = Debug|Any CPU
		Release|Any CPU = Release|Any CPU
	EndGlobalSection
	GlobalSection(ProjectConfigurationPlatforms) = postSolution
		{843B8BE4-97FD-4A09-88FA-C86D26FAA5DF}.Debug|Any CPU.ActiveCfg = Debug|Any CPU
		{843B8BE4-97FD-4A09-88FA-C86D26FAA5DF}.Debug|Any CPU.Build.0 = Debug|Any CPU
		{843B8BE4-97FD-4A09-88FA-C86D26FAA5DF}.Release|Any CPU.ActiveCfg = Release|Any CPU
		{843B8BE4-97FD-4A09-88FA-C86D26FAA5DF}.Release|Any CPU.Build.0 = Release|Any CPU
	EndGlobalSection
	GlobalSection(SolutionProperties) = preSolution
		HideSolutionNode = FALSE
	EndGlobalSection
	GlobalSection(ExtensibilityGlobals) = postSolution
		SolutionGuid = {E6EFF016-EEFC-415B-8281-BC8E4D4709D8}
	EndGlobalSection
EndGlobal
